
Microsoft Visual Studio Solution File, Format Version 12.00
# Visual Studio Version 17
VisualStudioVersion = 17.12.35707.178 d17.12
MinimumVisualStudioVersion = 10.0.40219.1
Project("{FAE04EC0-301F-11D3-BF4B-00C04F79EFBC}") = "webrolea2", "webrolea2.csproj", "{313F93BE-5BF5-4D0F-8F48-AF91A178CF0C}"
EndProject
Global
	GlobalSection(SolutionConfigurationPlatforms) = preSolution
		Debug|Any CPU = Debug|Any CPU
		Release|Any CPU = Release|Any CPU
	EndGlobalSection
	GlobalSection(ProjectConfigurationPlatforms) = postSolution
		{313F93BE-5BF5-4D0F-8F48-AF91A178CF0C}.Debug|Any CPU.ActiveCfg = Debug|Any CPU
		{313F93BE-5BF5-4D0F-8F48-AF91A178CF0C}.Debug|Any CPU.Build.0 = Debug|Any CPU
		{313F93BE-5BF5-4D0F-8F48-AF91A178CF0C}.Release|Any CPU.ActiveCfg = Release|Any CPU
		{313F93BE-5BF5-4D0F-8F48-AF91A178CF0C}.Release|Any CPU.Build.0 = Release|Any CPU
	EndGlobalSection
	GlobalSection(SolutionProperties) = preSolution
		HideSolutionNode = FALSE
	EndGlobalSection
EndGlobal
